{
    "_readme": [
        "This file locks the dependencies of your project to a known state",
        "Read more about it at https://getcomposer.org/doc/01-basic-usage.md#installing-dependencies",
        "This file is @generated automatically"
    ],
    "content-hash": "f47f57458e965f2c2b6243960a136181",
    "packages": [
        {
            "name": "tuqqu/gender-detector",
            "version": "v0.2",
            "source": {
                "type": "git",
                "url": "https://github.com/tuqqu/gender-detector.git",
                "reference": "cd7741affedbfb0016566b6a0689d53042da9bc2"
            },
            "dist": {
                "type": "zip",
                "url": "https://api.github.com/repos/tuqqu/gender-detector/zipball/cd7741affedbfb0016566b6a0689d53042da9bc2",
                "reference": "cd7741affedbfb0016566b6a0689d53042da9bc2",
                "shasum": ""
            },
            "require": {
                "php": "^7.2"
            },
            "require-dev": {
                "friendsofphp/php-cs-fixer": "^2.15",
                "phpstan/phpstan": "^0.11.6",
                "phpunit/phpunit": "^8.1",
                "symfony/var-dumper": "^4.2"
            },
            "type": "library",
            "autoload": {
                "psr-4": {
                    "GenderDetector\\": "src/"
                }
            },
            "notification-url": "https://packagist.org/downloads/",
            "license": [
                "GPL-3.0-only"
            ],
            "authors": [
                {
                    "name": "tuqqu"
                }
            ],
            "description": "A library to detect a person's gender by their first name.",
            "time": "2019-09-04T21:09:09+00:00"
        }
    ],
    "packages-dev": [],
    "aliases": [],
    "minimum-stability": "stable",
    "stability-flags": [],
    "prefer-stable": false,
    "prefer-lowest": false,
    "platform": [],
    "platform-dev": []
}
